PODS:
  - Alamofire (4.9.1)
  - Kingfisher (7.2.1)
  - ReachabilitySwift (5.0.0)

DEPENDENCIES:
  - Alamofire
  - Kingfisher (~> 7.0)
  - ReachabilitySwift

SPEC REPOS:
  trunk:
    - Alamofire
    - Kingfisher
    - ReachabilitySwift

SPEC CHECKSUMS:
  Alamofire: 85e8a02c69d6020a0d734f6054870d7ecb75cf18
  Kingfisher: 7c084bebf7d548c623ad41bcf765fb200efed369
  ReachabilitySwift: 985039c6f7b23a1da463388634119492ff86c825

PODFILE CHECKSUM: 604ef0a42a4d15d57b0a9f88d7ebf6901fd26016

COCOAPODS: 1.11.3
