// !$*UTF8*$!
{
	archiveVersion = 1;
	classes = {
	};
	objectVersion = 55;
	objects = {

/* Begin PBXBuildFile section */
		161586CE281939BE0069341C /* animation.json in Resources */ = {isa = PBXBuildFile; fileRef = 161586CD281939BE0069341C /* animation.json */; };
		161586D0281939DF0069341C /* LaunchViewController.swift in Sources */ = {isa = PBXBuildFile; fileRef = 161586CF281939DF0069341C /* LaunchViewController.swift */; };
		16729CD52823D546008D7EA3 /* Leagues.swift in Sources */ = {isa = PBXBuildFile; fileRef = 16729CD42823D546008D7EA3 /* Leagues.swift */; };
		16729CD72823DA17008D7EA3 /* LeaguesViewModel.swift in Sources */ = {isa = PBXBuildFile; fileRef = 16729CD62823DA17008D7EA3 /* LeaguesViewModel.swift */; };
		16D495632817DE1E002C8224 /* AppDelegate.swift in Sources */ = {isa = PBXBuildFile; fileRef = 16D495622817DE1E002C8224 /* AppDelegate.swift */; };
		16D495652817DE1E002C8224 /* SceneDelegate.swift in Sources */ = {isa = PBXBuildFile; fileRef = 16D495642817DE1E002C8224 /* SceneDelegate.swift */; };
		16D495672817DE1E002C8224 /* ViewController.swift in Sources */ = {isa = PBXBuildFile; fileRef = 16D495662817DE1E002C8224 /* ViewController.swift */; };
		16D4956A2817DE1E002C8224 /* Main.storyboard in Resources */ = {isa = PBXBuildFile; fileRef = 16D495682817DE1E002C8224 /* Main.storyboard */; };
		16D4956D2817DE1E002C8224 /* Sports_App.xcdatamodeld in Sources */ = {isa = PBXBuildFile; fileRef = 16D4956B2817DE1E002C8224 /* Sports_App.xcdatamodeld */; };
		16D4956F2817DE1F002C8224 /* Assets.xcassets in Resources */ = {isa = PBXBuildFile; fileRef = 16D4956E2817DE1F002C8224 /* Assets.xcassets */; };
		16D495722817DE1F002C8224 /* LaunchScreen.storyboard in Resources */ = {isa = PBXBuildFile; fileRef = 16D495702817DE1F002C8224 /* LaunchScreen.storyboard */; };
		16F39B82281CBAFF001AC2E6 /* LeagueTableViewCell.swift in Sources */ = {isa = PBXBuildFile; fileRef = 16F39B80281CBAFF001AC2E6 /* LeagueTableViewCell.swift */; };
		16F39B83281CBAFF001AC2E6 /* LeagueTableViewCell.xib in Resources */ = {isa = PBXBuildFile; fileRef = 16F39B81281CBAFF001AC2E6 /* LeagueTableViewCell.xib */; };
		16F39B85281CC73B001AC2E6 /* LeaguesViewController.swift in Sources */ = {isa = PBXBuildFile; fileRef = 16F39B84281CC73B001AC2E6 /* LeaguesViewController.swift */; };
		1D5648ECE8CACFA8DC468A04 /* Pods_Sports_App.framework in Frameworks */ = {isa = PBXBuildFile; fileRef = 5054FC3CCD9D1089EC96DEF2 /* Pods_Sports_App.framework */; };
		C404B08E2824BBEE0095DB9B /* TeamsViewModel.swift in Sources */ = {isa = PBXBuildFile; fileRef = C404B08D2824BBEE0095DB9B /* TeamsViewModel.swift */; };
		C404B0922824BC070095DB9B /* TeamsViewController.swift in Sources */ = {isa = PBXBuildFile; fileRef = C404B0902824BC070095DB9B /* TeamsViewController.swift */; };
		C404B0932824BC070095DB9B /* TeamsViewController.xib in Resources */ = {isa = PBXBuildFile; fileRef = C404B0912824BC070095DB9B /* TeamsViewController.xib */; };
		C404B0962824BC160095DB9B /* Teams.swift in Sources */ = {isa = PBXBuildFile; fileRef = C404B0952824BC160095DB9B /* Teams.swift */; };
		C404B09A2824BCAF0095DB9B /* TeamTableViewCell.swift in Sources */ = {isa = PBXBuildFile; fileRef = C404B0982824BCAF0095DB9B /* TeamTableViewCell.swift */; };
		C404B09B2824BCAF0095DB9B /* TeamTableViewCell.xib in Resources */ = {isa = PBXBuildFile; fileRef = C404B0992824BCAF0095DB9B /* TeamTableViewCell.xib */; };
		C495254D2823C685008B53F7 /* UpComingEventsTableViewCell.swift in Sources */ = {isa = PBXBuildFile; fileRef = C495254B2823C685008B53F7 /* UpComingEventsTableViewCell.swift */; };
		C495254E2823C685008B53F7 /* UpComingEventsTableViewCell.xib in Resources */ = {isa = PBXBuildFile; fileRef = C495254C2823C685008B53F7 /* UpComingEventsTableViewCell.xib */; };
		C49525512823C6E0008B53F7 /* UpComingEventsCollectionViewCell.swift in Sources */ = {isa = PBXBuildFile; fileRef = C495254F2823C6E0008B53F7 /* UpComingEventsCollectionViewCell.swift */; };
		C49525522823C6E0008B53F7 /* UpComingEventsCollectionViewCell.xib in Resources */ = {isa = PBXBuildFile; fileRef = C49525502823C6E0008B53F7 /* UpComingEventsCollectionViewCell.xib */; };
		C49525572823E5A8008B53F7 /* Extenstions.swift in Sources */ = {isa = PBXBuildFile; fileRef = C49525562823E5A8008B53F7 /* Extenstions.swift */; };
		C495255B2823EBDB008B53F7 /* TeamImageTableViewCell.swift in Sources */ = {isa = PBXBuildFile; fileRef = C49525592823EBDB008B53F7 /* TeamImageTableViewCell.swift */; };
		C495255C2823EBDB008B53F7 /* TeamImageTableViewCell.xib in Resources */ = {isa = PBXBuildFile; fileRef = C495255A2823EBDB008B53F7 /* TeamImageTableViewCell.xib */; };
		C495255F2823EC3B008B53F7 /* LatestEventsTableViewCell.swift in Sources */ = {isa = PBXBuildFile; fileRef = C495255D2823EC3B008B53F7 /* LatestEventsTableViewCell.swift */; };
		C49525602823EC3B008B53F7 /* LatestEventsTableViewCell.xib in Resources */ = {isa = PBXBuildFile; fileRef = C495255E2823EC3B008B53F7 /* LatestEventsTableViewCell.xib */; };
		C49525632823ECCE008B53F7 /* LatestEventsCollectionViewCell.swift in Sources */ = {isa = PBXBuildFile; fileRef = C49525612823ECCE008B53F7 /* LatestEventsCollectionViewCell.swift */; };
		C49525642823ECCE008B53F7 /* LatestEventsCollectionViewCell.xib in Resources */ = {isa = PBXBuildFile; fileRef = C49525622823ECCE008B53F7 /* LatestEventsCollectionViewCell.xib */; };
		C49525672824141F008B53F7 /* EventDetail.swift in Sources */ = {isa = PBXBuildFile; fileRef = C49525662824141F008B53F7 /* EventDetail.swift */; };
		C4BB33B12825073A008D5DF1 /* SelectedItems.swift in Sources */ = {isa = PBXBuildFile; fileRef = C4BB33B02825073A008D5DF1 /* SelectedItems.swift */; };
		C4BB33B428250AB4008D5DF1 /* EventsViewModel.swift in Sources */ = {isa = PBXBuildFile; fileRef = C4BB33B328250AB4008D5DF1 /* EventsViewModel.swift */; };
		C4BB33B92825195A008D5DF1 /* TeamDetailsViewController.swift in Sources */ = {isa = PBXBuildFile; fileRef = C4BB33B72825195A008D5DF1 /* TeamDetailsViewController.swift */; };
		C4BB33BA2825195A008D5DF1 /* TeamDetailsViewController.xib in Resources */ = {isa = PBXBuildFile; fileRef = C4BB33B82825195A008D5DF1 /* TeamDetailsViewController.xib */; };
		C4CF7A9528216BBD00BFFD91 /* Methods.swift in Sources */ = {isa = PBXBuildFile; fileRef = C4CF7A9428216BBD00BFFD91 /* Methods.swift */; };
		C4CF7A9728216BC600BFFD91 /* EndPoints.swift in Sources */ = {isa = PBXBuildFile; fileRef = C4CF7A9628216BC600BFFD91 /* EndPoints.swift */; };
		C4CF7A9928216BCD00BFFD91 /* APIError.swift in Sources */ = {isa = PBXBuildFile; fileRef = C4CF7A9828216BCD00BFFD91 /* APIError.swift */; };
		C4CF7A9B28216BD500BFFD91 /* APIClient.swift in Sources */ = {isa = PBXBuildFile; fileRef = C4CF7A9A28216BD500BFFD91 /* APIClient.swift */; };
		C4CF7A9D28216C1E00BFFD91 /* AllSports.swift in Sources */ = {isa = PBXBuildFile; fileRef = C4CF7A9C28216C1E00BFFD91 /* AllSports.swift */; };
		C4CF7A9F28216C6F00BFFD91 /* AllSportsViewModel.swift in Sources */ = {isa = PBXBuildFile; fileRef = C4CF7A9E28216C6F00BFFD91 /* AllSportsViewModel.swift */; };
		C4CF7AAC28218B9E00BFFD91 /* CountriesViewController.swift in Sources */ = {isa = PBXBuildFile; fileRef = C4CF7AAA28218B9E00BFFD91 /* CountriesViewController.swift */; };
		C4CF7AAD28218B9E00BFFD91 /* CountriesViewController.xib in Resources */ = {isa = PBXBuildFile; fileRef = C4CF7AAB28218B9E00BFFD91 /* CountriesViewController.xib */; };
		C4CF7AB628218CC000BFFD91 /* CountriesTableViewCell.swift in Sources */ = {isa = PBXBuildFile; fileRef = C4CF7AB428218CC000BFFD91 /* CountriesTableViewCell.swift */; };
		C4CF7AB728218CC000BFFD91 /* CountriesTableViewCell.xib in Resources */ = {isa = PBXBuildFile; fileRef = C4CF7AB528218CC000BFFD91 /* CountriesTableViewCell.xib */; };
		C4CF7ABB2823BAB500BFFD91 /* Choices.swift in Sources */ = {isa = PBXBuildFile; fileRef = C4CF7ABA2823BAB500BFFD91 /* Choices.swift */; };
		C4CF7AC02823C2ED00BFFD91 /* DetailsLeagueViewController.swift in Sources */ = {isa = PBXBuildFile; fileRef = C4CF7ABE2823C2ED00BFFD91 /* DetailsLeagueViewController.swift */; };
		C4CF7AC12823C2ED00BFFD91 /* DetailsLeagueViewController.xib in Resources */ = {isa = PBXBuildFile; fileRef = C4CF7ABF2823C2ED00BFFD91 /* DetailsLeagueViewController.xib */; };
		D32AD249281C34F80017376A /* AllSportsCollectionViewCell.swift in Sources */ = {isa = PBXBuildFile; fileRef = D32AD247281C34F80017376A /* AllSportsCollectionViewCell.swift */; };
		D32AD24A281C34F80017376A /* AllSportsCollectionViewCell.xib in Resources */ = {isa = PBXBuildFile; fileRef = D32AD248281C34F80017376A /* AllSportsCollectionViewCell.xib */; };
		D34FE80228183F7F009EF15F /* AllSportsViewController.swift in Sources */ = {isa = PBXBuildFile; fileRef = D34FE80128183F7F009EF15F /* AllSportsViewController.swift */; };
		D36EFB2D28217E43004CCDD6 /* Countries.swift in Sources */ = {isa = PBXBuildFile; fileRef = D36EFB2C28217E43004CCDD6 /* Countries.swift */; };
		D36EFB2F28217E8F004CCDD6 /* CountriesViewModel.swift in Sources */ = {isa = PBXBuildFile; fileRef = D36EFB2E28217E8F004CCDD6 /* CountriesViewModel.swift */; };
		D370716328245D6300AE339B /* LocalSource.swift in Sources */ = {isa = PBXBuildFile; fileRef = D370716228245D6300AE339B /* LocalSource.swift */; };
		D3707166282469A100AE339B /* FavoritesViewController.swift in Sources */ = {isa = PBXBuildFile; fileRef = D3707165282469A100AE339B /* FavoritesViewController.swift */; };
		D370716A282469CD00AE339B /* FavoritesViewModel.swift in Sources */ = {isa = PBXBuildFile; fileRef = D3707169282469CD00AE339B /* FavoritesViewModel.swift */; };
/* End PBXBuildFile section */

/* Begin PBXFileReference section */
		161586CD281939BE0069341C /* animation.json */ = {isa = PBXFileReference; fileEncoding = 4; lastKnownFileType = text.json; path = animation.json; sourceTree = "<group>"; };
		161586CF281939DF0069341C /* LaunchViewController.swift */ = {isa = PBXFileReference; lastKnownFileType = sourcecode.swift; path = LaunchViewController.swift; sourceTree = "<group>"; };
		16729CD42823D546008D7EA3 /* Leagues.swift */ = {isa = PBXFileReference; lastKnownFileType = sourcecode.swift; path = Leagues.swift; sourceTree = "<group>"; };
		16729CD62823DA17008D7EA3 /* LeaguesViewModel.swift */ = {isa = PBXFileReference; lastKnownFileType = sourcecode.swift; path = LeaguesViewModel.swift; sourceTree = "<group>"; };
		16D4955F2817DE1E002C8224 /* THESCORE.app */ = {isa = PBXFileReference; explicitFileType = wrapper.application; includeInIndex = 0; path = THESCORE.app; sourceTree = BUILT_PRODUCTS_DIR; };
		16D495622817DE1E002C8224 /* AppDelegate.swift */ = {isa = PBXFileReference; lastKnownFileType = sourcecode.swift; path = AppDelegate.swift; sourceTree = "<group>"; };
		16D495642817DE1E002C8224 /* SceneDelegate.swift */ = {isa = PBXFileReference; lastKnownFileType = sourcecode.swift; path = SceneDelegate.swift; sourceTree = "<group>"; };
		16D495662817DE1E002C8224 /* ViewController.swift */ = {isa = PBXFileReference; lastKnownFileType = sourcecode.swift; path = ViewController.swift; sourceTree = "<group>"; };
		16D495692817DE1E002C8224 /* Base */ = {isa = PBXFileReference; lastKnownFileType = file.storyboard; name = Base; path = Base.lproj/Main.storyboard; sourceTree = "<group>"; };
		16D4956C2817DE1E002C8224 /* Sports_App.xcdatamodel */ = {isa = PBXFileReference; lastKnownFileType = wrapper.xcdatamodel; path = Sports_App.xcdatamodel; sourceTree = "<group>"; };
		16D4956E2817DE1F002C8224 /* Assets.xcassets */ = {isa = PBXFileReference; lastKnownFileType = folder.assetcatalog; path = Assets.xcassets; sourceTree = "<group>"; };
		16D495712817DE1F002C8224 /* Base */ = {isa = PBXFileReference; lastKnownFileType = file.storyboard; name = Base; path = Base.lproj/LaunchScreen.storyboard; sourceTree = "<group>"; };
		16D495732817DE1F002C8224 /* Info.plist */ = {isa = PBXFileReference; lastKnownFileType = text.plist.xml; path = Info.plist; sourceTree = "<group>"; };
		16F39B80281CBAFF001AC2E6 /* LeagueTableViewCell.swift */ = {isa = PBXFileReference; lastKnownFileType = sourcecode.swift; path = LeagueTableViewCell.swift; sourceTree = "<group>"; };
		16F39B81281CBAFF001AC2E6 /* LeagueTableViewCell.xib */ = {isa = PBXFileReference; lastKnownFileType = file.xib; path = LeagueTableViewCell.xib; sourceTree = "<group>"; };
		16F39B84281CC73B001AC2E6 /* LeaguesViewController.swift */ = {isa = PBXFileReference; lastKnownFileType = sourcecode.swift; path = LeaguesViewController.swift; sourceTree = "<group>"; };
		203B9224FEDDFD8A48EB0F90 /* Pods-Sports App.debug.xcconfig */ = {isa = PBXFileReference; includeInIndex = 1; lastKnownFileType = text.xcconfig; name = "Pods-Sports App.debug.xcconfig"; path = "Target Support Files/Pods-Sports App/Pods-Sports App.debug.xcconfig"; sourceTree = "<group>"; };
		5054FC3CCD9D1089EC96DEF2 /* Pods_Sports_App.framework */ = {isa = PBXFileReference; explicitFileType = wrapper.framework; includeInIndex = 0; path = Pods_Sports_App.framework; sourceTree = BUILT_PRODUCTS_DIR; };
		C404B08D2824BBEE0095DB9B /* TeamsViewModel.swift */ = {isa = PBXFileReference; lastKnownFileType = sourcecode.swift; path = TeamsViewModel.swift; sourceTree = "<group>"; };
		C404B0902824BC070095DB9B /* TeamsViewController.swift */ = {isa = PBXFileReference; lastKnownFileType = sourcecode.swift; path = TeamsViewController.swift; sourceTree = "<group>"; };
		C404B0912824BC070095DB9B /* TeamsViewController.xib */ = {isa = PBXFileReference; lastKnownFileType = file.xib; path = TeamsViewController.xib; sourceTree = "<group>"; };
		C404B0952824BC160095DB9B /* Teams.swift */ = {isa = PBXFileReference; lastKnownFileType = sourcecode.swift; path = Teams.swift; sourceTree = "<group>"; };
		C404B0982824BCAF0095DB9B /* TeamTableViewCell.swift */ = {isa = PBXFileReference; lastKnownFileType = sourcecode.swift; path = TeamTableViewCell.swift; sourceTree = "<group>"; };
		C404B0992824BCAF0095DB9B /* TeamTableViewCell.xib */ = {isa = PBXFileReference; lastKnownFileType = file.xib; path = TeamTableViewCell.xib; sourceTree = "<group>"; };
		C495254B2823C685008B53F7 /* UpComingEventsTableViewCell.swift */ = {isa = PBXFileReference; lastKnownFileType = sourcecode.swift; path = UpComingEventsTableViewCell.swift; sourceTree = "<group>"; };
		C495254C2823C685008B53F7 /* UpComingEventsTableViewCell.xib */ = {isa = PBXFileReference; lastKnownFileType = file.xib; path = UpComingEventsTableViewCell.xib; sourceTree = "<group>"; };
		C495254F2823C6E0008B53F7 /* UpComingEventsCollectionViewCell.swift */ = {isa = PBXFileReference; lastKnownFileType = sourcecode.swift; path = UpComingEventsCollectionViewCell.swift; sourceTree = "<group>"; };
		C49525502823C6E0008B53F7 /* UpComingEventsCollectionViewCell.xib */ = {isa = PBXFileReference; lastKnownFileType = file.xib; path = UpComingEventsCollectionViewCell.xib; sourceTree = "<group>"; };
		C49525562823E5A8008B53F7 /* Extenstions.swift */ = {isa = PBXFileReference; lastKnownFileType = sourcecode.swift; path = Extenstions.swift; sourceTree = "<group>"; };
		C49525592823EBDB008B53F7 /* TeamImageTableViewCell.swift */ = {isa = PBXFileReference; lastKnownFileType = sourcecode.swift; path = TeamImageTableViewCell.swift; sourceTree = "<group>"; };
		C495255A2823EBDB008B53F7 /* TeamImageTableViewCell.xib */ = {isa = PBXFileReference; lastKnownFileType = file.xib; path = TeamImageTableViewCell.xib; sourceTree = "<group>"; };
		C495255D2823EC3B008B53F7 /* LatestEventsTableViewCell.swift */ = {isa = PBXFileReference; lastKnownFileType = sourcecode.swift; path = LatestEventsTableViewCell.swift; sourceTree = "<group>"; };
		C495255E2823EC3B008B53F7 /* LatestEventsTableViewCell.xib */ = {isa = PBXFileReference; lastKnownFileType = file.xib; path = LatestEventsTableViewCell.xib; sourceTree = "<group>"; };
		C49525612823ECCE008B53F7 /* LatestEventsCollectionViewCell.swift */ = {isa = PBXFileReference; lastKnownFileType = sourcecode.swift; path = LatestEventsCollectionViewCell.swift; sourceTree = "<group>"; };
		C49525622823ECCE008B53F7 /* LatestEventsCollectionViewCell.xib */ = {isa = PBXFileReference; lastKnownFileType = file.xib; path = LatestEventsCollectionViewCell.xib; sourceTree = "<group>"; };
		C49525662824141F008B53F7 /* EventDetail.swift */ = {isa = PBXFileReference; lastKnownFileType = sourcecode.swift; path = EventDetail.swift; sourceTree = "<group>"; };
		C4BB33B02825073A008D5DF1 /* SelectedItems.swift */ = {isa = PBXFileReference; lastKnownFileType = sourcecode.swift; path = SelectedItems.swift; sourceTree = "<group>"; };
		C4BB33B328250AB4008D5DF1 /* EventsViewModel.swift */ = {isa = PBXFileReference; lastKnownFileType = sourcecode.swift; path = EventsViewModel.swift; sourceTree = "<group>"; };
		C4BB33B72825195A008D5DF1 /* TeamDetailsViewController.swift */ = {isa = PBXFileReference; lastKnownFileType = sourcecode.swift; path = TeamDetailsViewController.swift; sourceTree = "<group>"; };
		C4BB33B82825195A008D5DF1 /* TeamDetailsViewController.xib */ = {isa = PBXFileReference; lastKnownFileType = file.xib; path = TeamDetailsViewController.xib; sourceTree = "<group>"; };
		C4CF7A9428216BBD00BFFD91 /* Methods.swift */ = {isa = PBXFileReference; lastKnownFileType = sourcecode.swift; path = Methods.swift; sourceTree = "<group>"; };
		C4CF7A9628216BC600BFFD91 /* EndPoints.swift */ = {isa = PBXFileReference; lastKnownFileType = sourcecode.swift; path = EndPoints.swift; sourceTree = "<group>"; };
		C4CF7A9828216BCD00BFFD91 /* APIError.swift */ = {isa = PBXFileReference; lastKnownFileType = sourcecode.swift; path = APIError.swift; sourceTree = "<group>"; };
		C4CF7A9A28216BD500BFFD91 /* APIClient.swift */ = {isa = PBXFileReference; lastKnownFileType = sourcecode.swift; path = APIClient.swift; sourceTree = "<group>"; };
		C4CF7A9C28216C1E00BFFD91 /* AllSports.swift */ = {isa = PBXFileReference; lastKnownFileType = sourcecode.swift; path = AllSports.swift; sourceTree = "<group>"; };
		C4CF7A9E28216C6F00BFFD91 /* AllSportsViewModel.swift */ = {isa = PBXFileReference; lastKnownFileType = sourcecode.swift; path = AllSportsViewModel.swift; sourceTree = "<group>"; };
		C4CF7AAA28218B9E00BFFD91 /* CountriesViewController.swift */ = {isa = PBXFileReference; lastKnownFileType = sourcecode.swift; path = CountriesViewController.swift; sourceTree = "<group>"; };
		C4CF7AAB28218B9E00BFFD91 /* CountriesViewController.xib */ = {isa = PBXFileReference; lastKnownFileType = file.xib; path = CountriesViewController.xib; sourceTree = "<group>"; };
		C4CF7AB428218CC000BFFD91 /* CountriesTableViewCell.swift */ = {isa = PBXFileReference; lastKnownFileType = sourcecode.swift; path = CountriesTableViewCell.swift; sourceTree = "<group>"; };
		C4CF7AB528218CC000BFFD91 /* CountriesTableViewCell.xib */ = {isa = PBXFileReference; lastKnownFileType = file.xib; path = CountriesTableViewCell.xib; sourceTree = "<group>"; };
		C4CF7ABA2823BAB500BFFD91 /* Choices.swift */ = {isa = PBXFileReference; lastKnownFileType = sourcecode.swift; path = Choices.swift; sourceTree = "<group>"; };
		C4CF7ABE2823C2ED00BFFD91 /* DetailsLeagueViewController.swift */ = {isa = PBXFileReference; lastKnownFileType = sourcecode.swift; path = DetailsLeagueViewController.swift; sourceTree = "<group>"; };
		C4CF7ABF2823C2ED00BFFD91 /* DetailsLeagueViewController.xib */ = {isa = PBXFileReference; lastKnownFileType = file.xib; path = DetailsLeagueViewController.xib; sourceTree = "<group>"; };
		D32AD247281C34F80017376A /* AllSportsCollectionViewCell.swift */ = {isa = PBXFileReference; lastKnownFileType = sourcecode.swift; path = AllSportsCollectionViewCell.swift; sourceTree = "<group>"; };
		D32AD248281C34F80017376A /* AllSportsCollectionViewCell.xib */ = {isa = PBXFileReference; lastKnownFileType = file.xib; path = AllSportsCollectionViewCell.xib; sourceTree = "<group>"; };
		D34FE80128183F7F009EF15F /* AllSportsViewController.swift */ = {isa = PBXFileReference; lastKnownFileType = sourcecode.swift; path = AllSportsViewController.swift; sourceTree = "<group>"; };
		D36EFB2C28217E43004CCDD6 /* Countries.swift */ = {isa = PBXFileReference; lastKnownFileType = sourcecode.swift; name = Countries.swift; path = Model/Countries.swift; sourceTree = "<group>"; };
		D36EFB2E28217E8F004CCDD6 /* CountriesViewModel.swift */ = {isa = PBXFileReference; lastKnownFileType = sourcecode.swift; path = CountriesViewModel.swift; sourceTree = "<group>"; };
		D370716228245D6300AE339B /* LocalSource.swift */ = {isa = PBXFileReference; lastKnownFileType = sourcecode.swift; path = LocalSource.swift; sourceTree = "<group>"; };
		D3707165282469A100AE339B /* FavoritesViewController.swift */ = {isa = PBXFileReference; lastKnownFileType = sourcecode.swift; path = FavoritesViewController.swift; sourceTree = "<group>"; };
		D3707169282469CD00AE339B /* FavoritesViewModel.swift */ = {isa = PBXFileReference; lastKnownFileType = sourcecode.swift; path = FavoritesViewModel.swift; sourceTree = "<group>"; };
		E3CE50C755F1ED10F0647C98 /* Pods-Sports App.release.xcconfig */ = {isa = PBXFileReference; includeInIndex = 1; lastKnownFileType = text.xcconfig; name = "Pods-Sports App.release.xcconfig"; path = "Target Support Files/Pods-Sports App/Pods-Sports App.release.xcconfig"; sourceTree = "<group>"; };
/* End PBXFileReference section */

/* Begin PBXFrameworksBuildPhase section */
		16D4955C2817DE1E002C8224 /* Frameworks */ = {
			isa = PBXFrameworksBuildPhase;
			buildActionMask = 2147483647;
			files = (
				1D5648ECE8CACFA8DC468A04 /* Pods_Sports_App.framework in Frameworks */,
			);
			runOnlyForDeploymentPostprocessing = 0;
		};
/* End PBXFrameworksBuildPhase section */

/* Begin PBXGroup section */
		16729CD22823CF13008D7EA3 /* Model */ = {
			isa = PBXGroup;
			children = (
				16729CD42823D546008D7EA3 /* Leagues.swift */,
			);
			path = Model;
			sourceTree = "<group>";
		};
		16729CD32823CF27008D7EA3 /* ViewModel */ = {
			isa = PBXGroup;
			children = (
				16729CD62823DA17008D7EA3 /* LeaguesViewModel.swift */,
			);
			path = ViewModel;
			sourceTree = "<group>";
		};
		16D495562817DE1D002C8224 = {
			isa = PBXGroup;
			children = (
				16D495612817DE1E002C8224 /* THESCORE */,
				16D495602817DE1E002C8224 /* Products */,
				A866E06BB81A707E4606E9C2 /* Pods */,
				DAB9518F3944C8D840BEA55A /* Frameworks */,
			);
			sourceTree = "<group>";
		};
		16D495602817DE1E002C8224 /* Products */ = {
			isa = PBXGroup;
			children = (
				16D4955F2817DE1E002C8224 /* THESCORE.app */,
			);
			name = Products;
			sourceTree = "<group>";
		};
		16D495612817DE1E002C8224 /* THESCORE */ = {
			isa = PBXGroup;
			children = (
				D37071642824692000AE339B /* FavoritesScreen */,
				D370715F282451E900AE339B /* LocalDataSource */,
				C4BB33B528251935008D5DF1 /* TeamDetailsScreen */,
				C404B08B2824BBC70095DB9B /* TeamsScreen */,
				C49525552823E594008B53F7 /* Utils */,
				C4CF7ABC2823C2C900BFFD91 /* DetailsLeagueScreen */,
				C4CF7AAE28218BA300BFFD91 /* CountriesScreen */,
				C4CF7A8728216A8F00BFFD91 /* AppDelegate */,
				C4CF7A8628216A8D00BFFD91 /* Main */,
				C4CF7A8528216A8B00BFFD91 /* AllSportsScreen */,
				C4CF7A8328216A8600BFFD91 /* LeaguesScreen */,
				C4CF7A8028216A7700BFFD91 /* Network */,
				16D495662817DE1E002C8224 /* ViewController.swift */,
				16D4956E2817DE1F002C8224 /* Assets.xcassets */,
				16D495732817DE1F002C8224 /* Info.plist */,
				16D4956B2817DE1E002C8224 /* Sports_App.xcdatamodeld */,
			);
			path = THESCORE;
			sourceTree = "<group>";
		};
		A866E06BB81A707E4606E9C2 /* Pods */ = {
			isa = PBXGroup;
			children = (
				203B9224FEDDFD8A48EB0F90 /* Pods-Sports App.debug.xcconfig */,
				E3CE50C755F1ED10F0647C98 /* Pods-Sports App.release.xcconfig */,
			);
			path = Pods;
			sourceTree = "<group>";
		};
		C404B08B2824BBC70095DB9B /* TeamsScreen */ = {
			isa = PBXGroup;
			children = (
				C404B0942824BC0C0095DB9B /* Model */,
				C404B08F2824BBF20095DB9B /* View */,
				C404B08C2824BBD10095DB9B /* ViewModel */,
			);
			path = TeamsScreen;
			sourceTree = "<group>";
		};
		C404B08C2824BBD10095DB9B /* ViewModel */ = {
			isa = PBXGroup;
			children = (
				C404B08D2824BBEE0095DB9B /* TeamsViewModel.swift */,
			);
			path = ViewModel;
			sourceTree = "<group>";
		};
		C404B08F2824BBF20095DB9B /* View */ = {
			isa = PBXGroup;
			children = (
				C404B0972824BC970095DB9B /* Cell */,
				C404B0902824BC070095DB9B /* TeamsViewController.swift */,
				C404B0912824BC070095DB9B /* TeamsViewController.xib */,
			);
			path = View;
			sourceTree = "<group>";
		};
		C404B0942824BC0C0095DB9B /* Model */ = {
			isa = PBXGroup;
			children = (
				C404B0952824BC160095DB9B /* Teams.swift */,
				C4BB33B02825073A008D5DF1 /* SelectedItems.swift */,
			);
			path = Model;
			sourceTree = "<group>";
		};
		C404B0972824BC970095DB9B /* Cell */ = {
			isa = PBXGroup;
			children = (
				C404B0982824BCAF0095DB9B /* TeamTableViewCell.swift */,
				C404B0992824BCAF0095DB9B /* TeamTableViewCell.xib */,
			);
			path = Cell;
			sourceTree = "<group>";
		};
		C495254A2823C533008B53F7 /* UpComingEvents */ = {
			isa = PBXGroup;
			children = (
				C495254B2823C685008B53F7 /* UpComingEventsTableViewCell.swift */,
				C495254C2823C685008B53F7 /* UpComingEventsTableViewCell.xib */,
				C495254F2823C6E0008B53F7 /* UpComingEventsCollectionViewCell.swift */,
				C49525502823C6E0008B53F7 /* UpComingEventsCollectionViewCell.xib */,
			);
			path = UpComingEvents;
			sourceTree = "<group>";
		};
		C49525542823E196008B53F7 /* LatestEvents */ = {
			isa = PBXGroup;
			children = (
				C495255D2823EC3B008B53F7 /* LatestEventsTableViewCell.swift */,
				C495255E2823EC3B008B53F7 /* LatestEventsTableViewCell.xib */,
				C49525612823ECCE008B53F7 /* LatestEventsCollectionViewCell.swift */,
				C49525622823ECCE008B53F7 /* LatestEventsCollectionViewCell.xib */,
			);
			path = LatestEvents;
			sourceTree = "<group>";
		};
		C49525552823E594008B53F7 /* Utils */ = {
			isa = PBXGroup;
			children = (
				C49525562823E5A8008B53F7 /* Extenstions.swift */,
			);
			path = Utils;
			sourceTree = "<group>";
		};
		C49525582823EBAE008B53F7 /* TeamImageCell */ = {
			isa = PBXGroup;
			children = (
				C49525592823EBDB008B53F7 /* TeamImageTableViewCell.swift */,
				C495255A2823EBDB008B53F7 /* TeamImageTableViewCell.xib */,
			);
			path = TeamImageCell;
			sourceTree = "<group>";
		};
		C495256528241400008B53F7 /* Model */ = {
			isa = PBXGroup;
			children = (
				C49525662824141F008B53F7 /* EventDetail.swift */,
			);
			path = Model;
			sourceTree = "<group>";
		};
		C4BB33B228250AA4008D5DF1 /* ViewModel */ = {
			isa = PBXGroup;
			children = (
				C4BB33B328250AB4008D5DF1 /* EventsViewModel.swift */,
			);
			path = ViewModel;
			sourceTree = "<group>";
		};
		C4BB33B528251935008D5DF1 /* TeamDetailsScreen */ = {
			isa = PBXGroup;
			children = (
				C4BB33B628251946008D5DF1 /* View */,
			);
			path = TeamDetailsScreen;
			sourceTree = "<group>";
		};
		C4BB33B628251946008D5DF1 /* View */ = {
			isa = PBXGroup;
			children = (
				C4BB33B72825195A008D5DF1 /* TeamDetailsViewController.swift */,
				C4BB33B82825195A008D5DF1 /* TeamDetailsViewController.xib */,
			);
			path = View;
			sourceTree = "<group>";
		};
		C4CF7A8028216A7700BFFD91 /* Network */ = {
			isa = PBXGroup;
			children = (
				C4CF7A9428216BBD00BFFD91 /* Methods.swift */,
				C4CF7A9628216BC600BFFD91 /* EndPoints.swift */,
				C4CF7A9828216BCD00BFFD91 /* APIError.swift */,
				C4CF7A9A28216BD500BFFD91 /* APIClient.swift */,
			);
			path = Network;
			sourceTree = "<group>";
		};
		C4CF7A8328216A8600BFFD91 /* LeaguesScreen */ = {
			isa = PBXGroup;
			children = (
				16729CD32823CF27008D7EA3 /* ViewModel */,
				16729CD22823CF13008D7EA3 /* Model */,
				C4CF7A9228216B3500BFFD91 /* View */,
			);
			path = LeaguesScreen;
			sourceTree = "<group>";
		};
		C4CF7A8528216A8B00BFFD91 /* AllSportsScreen */ = {
			isa = PBXGroup;
			children = (
				C4CF7A8A28216ADD00BFFD91 /* Model */,
				C4CF7A8D28216AF000BFFD91 /* View */,
				C4CF7A8C28216AED00BFFD91 /* ViewModel */,
			);
			path = AllSportsScreen;
			sourceTree = "<group>";
		};
		C4CF7A8628216A8D00BFFD91 /* Main */ = {
			isa = PBXGroup;
			children = (
				C4CF7A8928216AC600BFFD91 /* View */,
				C4CF7A8828216AB700BFFD91 /* Animation */,
				16D495682817DE1E002C8224 /* Main.storyboard */,
				16D495702817DE1F002C8224 /* LaunchScreen.storyboard */,
			);
			path = Main;
			sourceTree = "<group>";
		};
		C4CF7A8728216A8F00BFFD91 /* AppDelegate */ = {
			isa = PBXGroup;
			children = (
				16D495622817DE1E002C8224 /* AppDelegate.swift */,
				16D495642817DE1E002C8224 /* SceneDelegate.swift */,
			);
			path = AppDelegate;
			sourceTree = "<group>";
		};
		C4CF7A8828216AB700BFFD91 /* Animation */ = {
			isa = PBXGroup;
			children = (
				161586CD281939BE0069341C /* animation.json */,
			);
			path = Animation;
			sourceTree = "<group>";
		};
		C4CF7A8928216AC600BFFD91 /* View */ = {
			isa = PBXGroup;
			children = (
				161586CF281939DF0069341C /* LaunchViewController.swift */,
			);
			path = View;
			sourceTree = "<group>";
		};
		C4CF7A8A28216ADD00BFFD91 /* Model */ = {
			isa = PBXGroup;
			children = (
				C4CF7A9C28216C1E00BFFD91 /* AllSports.swift */,
			);
			path = Model;
			sourceTree = "<group>";
		};
		C4CF7A8C28216AED00BFFD91 /* ViewModel */ = {
			isa = PBXGroup;
			children = (
				C4CF7A9E28216C6F00BFFD91 /* AllSportsViewModel.swift */,
			);
			path = ViewModel;
			sourceTree = "<group>";
		};
		C4CF7A8D28216AF000BFFD91 /* View */ = {
			isa = PBXGroup;
			children = (
				D34FE80128183F7F009EF15F /* AllSportsViewController.swift */,
				D32AD247281C34F80017376A /* AllSportsCollectionViewCell.swift */,
				D32AD248281C34F80017376A /* AllSportsCollectionViewCell.xib */,
			);
			path = View;
			sourceTree = "<group>";
		};
		C4CF7A9128216B3200BFFD91 /* ViewModel */ = {
			isa = PBXGroup;
			children = (
				D36EFB2E28217E8F004CCDD6 /* CountriesViewModel.swift */,
			);
			path = ViewModel;
			sourceTree = "<group>";
		};
		C4CF7A9228216B3500BFFD91 /* View */ = {
			isa = PBXGroup;
			children = (
				16F39B80281CBAFF001AC2E6 /* LeagueTableViewCell.swift */,
				16F39B81281CBAFF001AC2E6 /* LeagueTableViewCell.xib */,
				16F39B84281CC73B001AC2E6 /* LeaguesViewController.swift */,
			);
			path = View;
			sourceTree = "<group>";
		};
		C4CF7A9328216B3700BFFD91 /* Model */ = {
			isa = PBXGroup;
			children = (
				D36EFB2C28217E43004CCDD6 /* Countries.swift */,
				C4CF7ABA2823BAB500BFFD91 /* Choices.swift */,
			);
			name = Model;
			sourceTree = "<group>";
		};
		C4CF7AAE28218BA300BFFD91 /* CountriesScreen */ = {
			isa = PBXGroup;
			children = (
				C4CF7A9128216B3200BFFD91 /* ViewModel */,
				C4CF7A9328216B3700BFFD91 /* Model */,
				C4CF7AB028218BB100BFFD91 /* View */,
			);
			path = CountriesScreen;
			sourceTree = "<group>";
		};
		C4CF7AB028218BB100BFFD91 /* View */ = {
			isa = PBXGroup;
			children = (
				C4CF7AAA28218B9E00BFFD91 /* CountriesViewController.swift */,
				C4CF7AAB28218B9E00BFFD91 /* CountriesViewController.xib */,
				C4CF7AB428218CC000BFFD91 /* CountriesTableViewCell.swift */,
				C4CF7AB528218CC000BFFD91 /* CountriesTableViewCell.xib */,
			);
			path = View;
			sourceTree = "<group>";
		};
		C4CF7ABC2823C2C900BFFD91 /* DetailsLeagueScreen */ = {
			isa = PBXGroup;
			children = (
				C4BB33B228250AA4008D5DF1 /* ViewModel */,
				C495256528241400008B53F7 /* Model */,
				C4CF7ABD2823C2D600BFFD91 /* View */,
			);
			path = DetailsLeagueScreen;
			sourceTree = "<group>";
		};
		C4CF7ABD2823C2D600BFFD91 /* View */ = {
			isa = PBXGroup;
			children = (
				C49525582823EBAE008B53F7 /* TeamImageCell */,
				C49525542823E196008B53F7 /* LatestEvents */,
				C495254A2823C533008B53F7 /* UpComingEvents */,
				C4CF7ABE2823C2ED00BFFD91 /* DetailsLeagueViewController.swift */,
				C4CF7ABF2823C2ED00BFFD91 /* DetailsLeagueViewController.xib */,
			);
			path = View;
			sourceTree = "<group>";
		};
		D370715F282451E900AE339B /* LocalDataSource */ = {
			isa = PBXGroup;
			children = (
				D370716228245D6300AE339B /* LocalSource.swift */,
			);
			path = LocalDataSource;
			sourceTree = "<group>";
		};
		D37071642824692000AE339B /* FavoritesScreen */ = {
			isa = PBXGroup;
			children = (
				D374AA8A2825418D00F2EA1F /* view */,
				D3707168282469BA00AE339B /* viewModel */,
			);
			path = FavoritesScreen;
			sourceTree = "<group>";
		};
		D3707168282469BA00AE339B /* viewModel */ = {
			isa = PBXGroup;
			children = (
				D3707169282469CD00AE339B /* FavoritesViewModel.swift */,
			);
			path = viewModel;
			sourceTree = "<group>";
		};
		D374AA8A2825418D00F2EA1F /* view */ = {
			isa = PBXGroup;
			children = (
				D3707165282469A100AE339B /* FavoritesViewController.swift */,
			);
			path = view;
			sourceTree = "<group>";
		};
		DAB9518F3944C8D840BEA55A /* Frameworks */ = {
			isa = PBXGroup;
			children = (
				5054FC3CCD9D1089EC96DEF2 /* Pods_Sports_App.framework */,
			);
			name = Frameworks;
			sourceTree = "<group>";
		};
/* End PBXGroup section */

/* Begin PBXNativeTarget section */
		16D4955E2817DE1E002C8224 /* THESCORE */ = {
			isa = PBXNativeTarget;
			buildConfigurationList = 16D495762817DE1F002C8224 /* Build configuration list for PBXNativeTarget "THESCORE" */;
			buildPhases = (
				5CD436893194BE8F63C8E04F /* [CP] Check Pods Manifest.lock */,
				16D4955B2817DE1E002C8224 /* Sources */,
				16D4955C2817DE1E002C8224 /* Frameworks */,
				16D4955D2817DE1E002C8224 /* Resources */,
				E4678642247D7316B61449DB /* [CP] Embed Pods Frameworks */,
			);
			buildRules = (
			);
			dependencies = (
			);
			name = THESCORE;
			productName = "Sports App";
			productReference = 16D4955F2817DE1E002C8224 /* THESCORE.app */;
			productType = "com.apple.product-type.application";
		};
/* End PBXNativeTarget section */

/* Begin PBXProject section */
		16D495572817DE1D002C8224 /* Project object */ = {
			isa = PBXProject;
			attributes = {
				BuildIndependentTargetsInParallel = 1;
				LastSwiftUpdateCheck = 1320;
				LastUpgradeCheck = 1320;
				TargetAttributes = {
					16D4955E2817DE1E002C8224 = {
						CreatedOnToolsVersion = 13.2.1;
					};
				};
			};
			buildConfigurationList = 16D4955A2817DE1D002C8224 /* Build configuration list for PBXProject "THESCORE" */;
			compatibilityVersion = "Xcode 13.0";
			developmentRegion = en;
			hasScannedForEncodings = 0;
			knownRegions = (
				en,
				Base,
			);
			mainGroup = 16D495562817DE1D002C8224;
			productRefGroup = 16D495602817DE1E002C8224 /* Products */;
			projectDirPath = "";
			projectRoot = "";
			targets = (
				16D4955E2817DE1E002C8224 /* THESCORE */,
			);
		};
/* End PBXProject section */

/* Begin PBXResourcesBuildPhase section */
		16D4955D2817DE1E002C8224 /* Resources */ = {
			isa = PBXResourcesBuildPhase;
			buildActionMask = 2147483647;
			files = (
				C404B09B2824BCAF0095DB9B /* TeamTableViewCell.xib in Resources */,
				16D495722817DE1F002C8224 /* LaunchScreen.storyboard in Resources */,
				D32AD24A281C34F80017376A /* AllSportsCollectionViewCell.xib in Resources */,
				C4BB33BA2825195A008D5DF1 /* TeamDetailsViewController.xib in Resources */,
				C495254E2823C685008B53F7 /* UpComingEventsTableViewCell.xib in Resources */,
				C4CF7AB728218CC000BFFD91 /* CountriesTableViewCell.xib in Resources */,
				C4CF7AAD28218B9E00BFFD91 /* CountriesViewController.xib in Resources */,
				C49525602823EC3B008B53F7 /* LatestEventsTableViewCell.xib in Resources */,
				C49525642823ECCE008B53F7 /* LatestEventsCollectionViewCell.xib in Resources */,
				C49525522823C6E0008B53F7 /* UpComingEventsCollectionViewCell.xib in Resources */,
				C404B0932824BC070095DB9B /* TeamsViewController.xib in Resources */,
				16D4956F2817DE1F002C8224 /* Assets.xcassets in Resources */,
				C4CF7AC12823C2ED00BFFD91 /* DetailsLeagueViewController.xib in Resources */,
				C495255C2823EBDB008B53F7 /* TeamImageTableViewCell.xib in Resources */,
				16F39B83281CBAFF001AC2E6 /* LeagueTableViewCell.xib in Resources */,
				161586CE281939BE0069341C /* animation.json in Resources */,
				16D4956A2817DE1E002C8224 /* Main.storyboard in Resources */,
			);
			runOnlyForDeploymentPostprocessing = 0;
		};
/* End PBXResourcesBuildPhase section */

/* Begin PBXShellScriptBuildPhase section */
		5CD436893194BE8F63C8E04F /* [CP] Check Pods Manifest.lock */ = {
			isa = PBXShellScriptBuildPhase;
			buildActionMask = 2147483647;
			files = (
			);
			inputFileListPaths = (
			);
			inputPaths = (
				"${PODS_PODFILE_DIR_PATH}/Podfile.lock",
				"${PODS_ROOT}/Manifest.lock",
			);
			name = "[CP] Check Pods Manifest.lock";
			outputFileListPaths = (
			);
			outputPaths = (
				"$(DERIVED_FILE_DIR)/Pods-Sports App-checkManifestLockResult.txt",
			);
			runOnlyForDeploymentPostprocessing = 0;
			shellPath = /bin/sh;
			shellScript = "diff \"${PODS_PODFILE_DIR_PATH}/Podfile.lock\" \"${PODS_ROOT}/Manifest.lock\" > /dev/null\nif [ $? != 0 ] ; then\n    # print error to STDERR\n    echo \"error: The sandbox is not in sync with the Podfile.lock. Run 'pod install' or update your CocoaPods installation.\" >&2\n    exit 1\nfi\n# This output is used by Xcode 'outputs' to avoid re-running this script phase.\necho \"SUCCESS\" > \"${SCRIPT_OUTPUT_FILE_0}\"\n";
			showEnvVarsInLog = 0;
		};
		E4678642247D7316B61449DB /* [CP] Embed Pods Frameworks */ = {
			isa = PBXShellScriptBuildPhase;
			buildActionMask = 2147483647;
			files = (
			);
			inputFileListPaths = (
				"${PODS_ROOT}/Target Support Files/Pods-Sports App/Pods-Sports App-frameworks-${CONFIGURATION}-input-files.xcfilelist",
			);
			name = "[CP] Embed Pods Frameworks";
			outputFileListPaths = (
				"${PODS_ROOT}/Target Support Files/Pods-Sports App/Pods-Sports App-frameworks-${CONFIGURATION}-output-files.xcfilelist",
			);
			runOnlyForDeploymentPostprocessing = 0;
			shellPath = /bin/sh;
			shellScript = "\"${PODS_ROOT}/Target Support Files/Pods-Sports App/Pods-Sports App-frameworks.sh\"\n";
			showEnvVarsInLog = 0;
		};
/* End PBXShellScriptBuildPhase section */

/* Begin PBXSourcesBuildPhase section */
		16D4955B2817DE1E002C8224 /* Sources */ = {
			isa = PBXSourcesBuildPhase;
			buildActionMask = 2147483647;
			files = (
				D32AD249281C34F80017376A /* AllSportsCollectionViewCell.swift in Sources */,
				16D495672817DE1E002C8224 /* ViewController.swift in Sources */,
				C404B09A2824BCAF0095DB9B /* TeamTableViewCell.swift in Sources */,
				C4CF7A9F28216C6F00BFFD91 /* AllSportsViewModel.swift in Sources */,
				C4CF7AAC28218B9E00BFFD91 /* CountriesViewController.swift in Sources */,
				C495255B2823EBDB008B53F7 /* TeamImageTableViewCell.swift in Sources */,
				161586D0281939DF0069341C /* LaunchViewController.swift in Sources */,
				D370716328245D6300AE339B /* LocalSource.swift in Sources */,
				D3707166282469A100AE339B /* FavoritesViewController.swift in Sources */,
				16D495632817DE1E002C8224 /* AppDelegate.swift in Sources */,
				C404B08E2824BBEE0095DB9B /* TeamsViewModel.swift in Sources */,
				C495254D2823C685008B53F7 /* UpComingEventsTableViewCell.swift in Sources */,
				16F39B82281CBAFF001AC2E6 /* LeagueTableViewCell.swift in Sources */,
				D36EFB2D28217E43004CCDD6 /* Countries.swift in Sources */,
				C4CF7A9928216BCD00BFFD91 /* APIError.swift in Sources */,
				C495255F2823EC3B008B53F7 /* LatestEventsTableViewCell.swift in Sources */,
				C404B0922824BC070095DB9B /* TeamsViewController.swift in Sources */,
				C4CF7A9D28216C1E00BFFD91 /* AllSports.swift in Sources */,
				D34FE80228183F7F009EF15F /* AllSportsViewController.swift in Sources */,
				D36EFB2F28217E8F004CCDD6 /* CountriesViewModel.swift in Sources */,
				C4BB33B12825073A008D5DF1 /* SelectedItems.swift in Sources */,
				16D4956D2817DE1E002C8224 /* Sports_App.xcdatamodeld in Sources */,
				16F39B85281CC73B001AC2E6 /* LeaguesViewController.swift in Sources */,
				16729CD52823D546008D7EA3 /* Leagues.swift in Sources */,
				C4CF7A9B28216BD500BFFD91 /* APIClient.swift in Sources */,
				C49525572823E5A8008B53F7 /* Extenstions.swift in Sources */,
				C4BB33B92825195A008D5DF1 /* TeamDetailsViewController.swift in Sources */,
				C4CF7A9528216BBD00BFFD91 /* Methods.swift in Sources */,
				16729CD72823DA17008D7EA3 /* LeaguesViewModel.swift in Sources */,
				C4CF7AB628218CC000BFFD91 /* CountriesTableViewCell.swift in Sources */,
				D370716A282469CD00AE339B /* FavoritesViewModel.swift in Sources */,
				C49525672824141F008B53F7 /* EventDetail.swift in Sources */,
				C49525512823C6E0008B53F7 /* UpComingEventsCollectionViewCell.swift in Sources */,
				C404B0962824BC160095DB9B /* Teams.swift in Sources */,
				C4CF7AC02823C2ED00BFFD91 /* DetailsLeagueViewController.swift in Sources */,
				C49525632823ECCE008B53F7 /* LatestEventsCollectionViewCell.swift in Sources */,
				16D495652817DE1E002C8224 /* SceneDelegate.swift in Sources */,
				C4BB33B428250AB4008D5DF1 /* EventsViewModel.swift in Sources */,
				C4CF7ABB2823BAB500BFFD91 /* Choices.swift in Sources */,
				C4CF7A9728216BC600BFFD91 /* EndPoints.swift in Sources */,
			);
			runOnlyForDeploymentPostprocessing = 0;
		};
/* End PBXSourcesBuildPhase section */

/* Begin PBXVariantGroup section */
		16D495682817DE1E002C8224 /* Main.storyboard */ = {
			isa = PBXVariantGroup;
			children = (
				16D495692817DE1E002C8224 /* Base */,
			);
			name = Main.storyboard;
			sourceTree = "<group>";
		};
		16D495702817DE1F002C8224 /* LaunchScreen.storyboard */ = {
			isa = PBXVariantGroup;
			children = (
				16D495712817DE1F002C8224 /* Base */,
			);
			name = LaunchScreen.storyboard;
			sourceTree = "<group>";
		};
/* End PBXVariantGroup section */

/* Begin XCBuildConfiguration section */
		16D495742817DE1F002C8224 /* Debug */ = {
			isa = XCBuildConfiguration;
			buildSettings = {
				ALWAYS_SEARCH_USER_PATHS = NO;
				CLANG_ANALYZER_NONNULL = YES;
				CLANG_ANALYZER_NUMBER_OBJECT_CONVERSION = YES_AGGRESSIVE;
				CLANG_CXX_LANGUAGE_STANDARD = "gnu++17";
				CLANG_CXX_LIBRARY = "libc++";
				CLANG_ENABLE_MODULES = YES;
				CLANG_ENABLE_OBJC_ARC = YES;
				CLANG_ENABLE_OBJC_WEAK = YES;
				CLANG_WARN_BLOCK_CAPTURE_AUTORELEASING = YES;
				CLANG_WARN_BOOL_CONVERSION = YES;
				CLANG_WARN_COMMA = YES;
				CLANG_WARN_CONSTANT_CONVERSION = YES;
				CLANG_WARN_DEPRECATED_OBJC_IMPLEMENTATIONS = YES;
				CLANG_WARN_DIRECT_OBJC_ISA_USAGE = YES_ERROR;
				CLANG_WARN_DOCUMENTATION_COMMENTS = YES;
				CLANG_WARN_EMPTY_BODY = YES;
				CLANG_WARN_ENUM_CONVERSION = YES;
				CLANG_WARN_INFINITE_RECURSION = YES;
				CLANG_WARN_INT_CONVERSION = YES;
				CLANG_WARN_NON_LITERAL_NULL_CONVERSION = YES;
				CLANG_WARN_OBJC_IMPLICIT_RETAIN_SELF = YES;
				CLANG_WARN_OBJC_LITERAL_CONVERSION = YES;
				CLANG_WARN_OBJC_ROOT_CLASS = YES_ERROR;
				CLANG_WARN_QUOTED_INCLUDE_IN_FRAMEWORK_HEADER = YES;
				CLANG_WARN_RANGE_LOOP_ANALYSIS = YES;
				CLANG_WARN_STRICT_PROTOTYPES = YES;
				CLANG_WARN_SUSPICIOUS_MOVE = YES;
				CLANG_WARN_UNGUARDED_AVAILABILITY = YES_AGGRESSIVE;
				CLANG_WARN_UNREACHABLE_CODE = YES;
				CLANG_WARN__DUPLICATE_METHOD_MATCH = YES;
				COPY_PHASE_STRIP = NO;
				DEBUG_INFORMATION_FORMAT = dwarf;
				ENABLE_STRICT_OBJC_MSGSEND = YES;
				ENABLE_TESTABILITY = YES;
				GCC_C_LANGUAGE_STANDARD = gnu11;
				GCC_DYNAMIC_NO_PIC = NO;
				GCC_NO_COMMON_BLOCKS = YES;
				GCC_OPTIMIZATION_LEVEL = 0;
				GCC_PREPROCESSOR_DEFINITIONS = (
					"DEBUG=1",
					"$(inherited)",
				);
				GCC_WARN_64_TO_32_BIT_CONVERSION = YES;
				GCC_WARN_ABOUT_RETURN_TYPE = YES_ERROR;
				GCC_WARN_UNDECLARED_SELECTOR = YES;
				GCC_WARN_UNINITIALIZED_AUTOS = YES_AGGRESSIVE;
				GCC_WARN_UNUSED_FUNCTION = YES;
				GCC_WARN_UNUSED_VARIABLE = YES;
				IPHONEOS_DEPLOYMENT_TARGET = 15.2;
				MTL_ENABLE_DEBUG_INFO = INCLUDE_SOURCE;
				MTL_FAST_MATH = YES;
				ONLY_ACTIVE_ARCH = YES;
				SDKROOT = iphoneos;
				SWIFT_ACTIVE_COMPILATION_CONDITIONS = DEBUG;
				SWIFT_OPTIMIZATION_LEVEL = "-Onone";
			};
			name = Debug;
		};
		16D495752817DE1F002C8224 /* Release */ = {
			isa = XCBuildConfiguration;
			buildSettings = {
				ALWAYS_SEARCH_USER_PATHS = NO;
				CLANG_ANALYZER_NONNULL = YES;
				CLANG_ANALYZER_NUMBER_OBJECT_CONVERSION = YES_AGGRESSIVE;
				CLANG_CXX_LANGUAGE_STANDARD = "gnu++17";
				CLANG_CXX_LIBRARY = "libc++";
				CLANG_ENABLE_MODULES = YES;
				CLANG_ENABLE_OBJC_ARC = YES;
				CLANG_ENABLE_OBJC_WEAK = YES;
				CLANG_WARN_BLOCK_CAPTURE_AUTORELEASING = YES;
				CLANG_WARN_BOOL_CONVERSION = YES;
				CLANG_WARN_COMMA = YES;
				CLANG_WARN_CONSTANT_CONVERSION = YES;
				CLANG_WARN_DEPRECATED_OBJC_IMPLEMENTATIONS = YES;
				CLANG_WARN_DIRECT_OBJC_ISA_USAGE = YES_ERROR;
				CLANG_WARN_DOCUMENTATION_COMMENTS = YES;
				CLANG_WARN_EMPTY_BODY = YES;
				CLANG_WARN_ENUM_CONVERSION = YES;
				CLANG_WARN_INFINITE_RECURSION = YES;
				CLANG_WARN_INT_CONVERSION = YES;
				CLANG_WARN_NON_LITERAL_NULL_CONVERSION = YES;
				CLANG_WARN_OBJC_IMPLICIT_RETAIN_SELF = YES;
				CLANG_WARN_OBJC_LITERAL_CONVERSION = YES;
				CLANG_WARN_OBJC_ROOT_CLASS = YES_ERROR;
				CLANG_WARN_QUOTED_INCLUDE_IN_FRAMEWORK_HEADER = YES;
				CLANG_WARN_RANGE_LOOP_ANALYSIS = YES;
				CLANG_WARN_STRICT_PROTOTYPES = YES;
				CLANG_WARN_SUSPICIOUS_MOVE = YES;
				CLANG_WARN_UNGUARDED_AVAILABILITY = YES_AGGRESSIVE;
				CLANG_WARN_UNREACHABLE_CODE = YES;
				CLANG_WARN__DUPLICATE_METHOD_MATCH = YES;
				COPY_PHASE_STRIP = NO;
				DEBUG_INFORMATION_FORMAT = "dwarf-with-dsym";
				ENABLE_NS_ASSERTIONS = NO;
				ENABLE_STRICT_OBJC_MSGSEND = YES;
				GCC_C_LANGUAGE_STANDARD = gnu11;
				GCC_NO_COMMON_BLOCKS = YES;
				GCC_WARN_64_TO_32_BIT_CONVERSION = YES;
				GCC_WARN_ABOUT_RETURN_TYPE = YES_ERROR;
				GCC_WARN_UNDECLARED_SELECTOR = YES;
				GCC_WARN_UNINITIALIZED_AUTOS = YES_AGGRESSIVE;
				GCC_WARN_UNUSED_FUNCTION = YES;
				GCC_WARN_UNUSED_VARIABLE = YES;
				IPHONEOS_DEPLOYMENT_TARGET = 15.2;
				MTL_ENABLE_DEBUG_INFO = NO;
				MTL_FAST_MATH = YES;
				SDKROOT = iphoneos;
				SWIFT_COMPILATION_MODE = wholemodule;
				SWIFT_OPTIMIZATION_LEVEL = "-O";
				VALIDATE_PRODUCT = YES;
			};
			name = Release;
		};
		16D495772817DE1F002C8224 /* Debug */ = {
			isa = XCBuildConfiguration;
			baseConfigurationReference = 203B9224FEDDFD8A48EB0F90 /* Pods-Sports App.debug.xcconfig */;
			buildSettings = {
				ASSETCATALOG_COMPILER_APPICON_NAME = AppIcon;
				ASSETCATALOG_COMPILER_GLOBAL_ACCENT_COLOR_NAME = AccentColor;
				CODE_SIGN_IDENTITY = "Apple Development";
				CODE_SIGN_STYLE = Automatic;
				CURRENT_PROJECT_VERSION = 1;
				DEVELOPMENT_TEAM = "";
				GENERATE_INFOPLIST_FILE = YES;
				INFOPLIST_FILE = THESCORE/Info.plist;
				INFOPLIST_KEY_UIApplicationSupportsIndirectInputEvents = YES;
				INFOPLIST_KEY_UILaunchStoryboardName = LaunchScreen;
				INFOPLIST_KEY_UIMainStoryboardFile = Main;
				INFOPLIST_KEY_UISupportedInterfaceOrientations_iPad = "UIInterfaceOrientationPortrait UIInterfaceOrientationPortraitUpsideDown UIInterfaceOrientationLandscapeLeft UIInterfaceOrientationLandscapeRight";
				INFOPLIST_KEY_UISupportedInterfaceOrientations_iPhone = "UIInterfaceOrientationPortrait UIInterfaceOrientationLandscapeLeft UIInterfaceOrientationLandscapeRight";
				LD_RUNPATH_SEARCH_PATHS = (
					"$(inherited)",
					"@executable_path/Frameworks",
				);
				MARKETING_VERSION = 1.0;
				PRODUCT_BUNDLE_IDENTIFIER = Hack.THESCORE;
				PRODUCT_NAME = "$(TARGET_NAME)";
				PROVISIONING_PROFILE_SPECIFIER = "";
				SWIFT_EMIT_LOC_STRINGS = YES;
				SWIFT_VERSION = 5.0;
				TARGETED_DEVICE_FAMILY = "1,2";
			};
			name = Debug;
		};
		16D495782817DE1F002C8224 /* Release */ = {
			isa = XCBuildConfiguration;
			baseConfigurationReference = E3CE50C755F1ED10F0647C98 /* Pods-Sports App.release.xcconfig */;
			buildSettings = {
				ASSETCATALOG_COMPILER_APPICON_NAME = AppIcon;
				ASSETCATALOG_COMPILER_GLOBAL_ACCENT_COLOR_NAME = AccentColor;
				CODE_SIGN_IDENTITY = "Apple Development";
				CODE_SIGN_STYLE = Automatic;
				CURRENT_PROJECT_VERSION = 1;
				DEVELOPMENT_TEAM = "";
				GENERATE_INFOPLIST_FILE = YES;
				INFOPLIST_FILE = THESCORE/Info.plist;
				INFOPLIST_KEY_UIApplicationSupportsIndirectInputEvents = YES;
				INFOPLIST_KEY_UILaunchStoryboardName = LaunchScreen;
				INFOPLIST_KEY_UIMainStoryboardFile = Main;
				INFOPLIST_KEY_UISupportedInterfaceOrientations_iPad = "UIInterfaceOrientationPortrait UIInterfaceOrientationPortraitUpsideDown UIInterfaceOrientationLandscapeLeft UIInterfaceOrientationLandscapeRight";
				INFOPLIST_KEY_UISupportedInterfaceOrientations_iPhone = "UIInterfaceOrientationPortrait UIInterfaceOrientationLandscapeLeft UIInterfaceOrientationLandscapeRight";
				LD_RUNPATH_SEARCH_PATHS = (
					"$(inherited)",
					"@executable_path/Frameworks",
				);
				MARKETING_VERSION = 1.0;
				PRODUCT_BUNDLE_IDENTIFIER = Hack.THESCORE;
				PRODUCT_NAME = "$(TARGET_NAME)";
				PROVISIONING_PROFILE_SPECIFIER = "";
				SWIFT_EMIT_LOC_STRINGS = YES;
				SWIFT_VERSION = 5.0;
				TARGETED_DEVICE_FAMILY = "1,2";
			};
			name = Release;
		};
/* End XCBuildConfiguration section */

/* Begin XCConfigurationList section */
		16D4955A2817DE1D002C8224 /* Build configuration list for PBXProject "THESCORE" */ = {
			isa = XCConfigurationList;
			buildConfigurations = (
				16D495742817DE1F002C8224 /* Debug */,
				16D495752817DE1F002C8224 /* Release */,
			);
			defaultConfigurationIsVisible = 0;
			defaultConfigurationName = Release;
		};
		16D495762817DE1F002C8224 /* Build configuration list for PBXNativeTarget "THESCORE" */ = {
			isa = XCConfigurationList;
			buildConfigurations = (
				16D495772817DE1F002C8224 /* Debug */,
				16D495782817DE1F002C8224 /* Release */,
			);
			defaultConfigurationIsVisible = 0;
			defaultConfigurationName = Release;
		};
/* End XCConfigurationList section */

/* Begin XCVersionGroup section */
		16D4956B2817DE1E002C8224 /* Sports_App.xcdatamodeld */ = {
			isa = XCVersionGroup;
			children = (
				16D4956C2817DE1E002C8224 /* Sports_App.xcdatamodel */,
			);
			currentVersion = 16D4956C2817DE1E002C8224 /* Sports_App.xcdatamodel */;
			path = Sports_App.xcdatamodeld;
			sourceTree = "<group>";
			versionGroupType = wrapper.xcdatamodel;
		};
/* End XCVersionGroup section */
	};
	rootObject = 16D495572817DE1D002C8224 /* Project object */;
}
